
Microsoft Visual Studio Solution File, Format Version 12.00
# Visual Studio Version 16
VisualStudioVersion = 16.0.30413.136
MinimumVisualStudioVersion = 10.0.40219.1
Project("{FAE04EC0-301F-11D3-BF4B-00C04F79EFBC}") = "lab10Collection", "lab10Collection\lab10Collection.csproj", "{387A700F-2064-4F6B-8FE5-6D56C80982A4}"
EndProject
Global
	GlobalSection(SolutionConfigurationPlatforms) = preSolution
		Debug|Any CPU = Debug|Any CPU
		Release|Any CPU = Release|Any CPU
	EndGlobalSection
	GlobalSection(ProjectConfigurationPlatforms) = postSolution
		{387A700F-2064-4F6B-8FE5-6D56C80982A4}.Debug|Any CPU.ActiveCfg = Debug|Any CPU
		{387A700F-2064-4F6B-8FE5-6D56C80982A4}.Debug|Any CPU.Build.0 = Debug|Any CPU
		{387A700F-2064-4F6B-8FE5-6D56C80982A4}.Release|Any CPU.ActiveCfg = Release|Any CPU
		{387A700F-2064-4F6B-8FE5-6D56C80982A4}.Release|Any CPU.Build.0 = Release|Any CPU
	EndGlobalSection
	GlobalSection(SolutionProperties) = preSolution
		HideSolutionNode = FALSE
	EndGlobalSection
	GlobalSection(ExtensibilityGlobals) = postSolution
		SolutionGuid = {B96326AD-2D37-461E-82F3-D5FE4FEC785F}
	EndGlobalSection
EndGlobal
